// !$*UTF8*$!
{
	archiveVersion = 1;
	classes = {
	};
	objectVersion = 56;
	objects = {

/* Begin PBXBuildFile section */
		3712CCF5298653CC0031F8E9 /* drink.swift in Sources */ = {isa = PBXBuildFile; fileRef = 3712CCF4298653CC0031F8E9 /* drink.swift */; };
		37445BB02987A3010017F9BB /* hozyuu1.swift in Sources */ = {isa = PBXBuildFile; fileRef = 37445BAF2987A3010017F9BB /* hozyuu1.swift */; };
		37445BB22987A3EE0017F9BB /* zaiko1.swift in Sources */ = {isa = PBXBuildFile; fileRef = 37445BB12987A3EE0017F9BB /* zaiko1.swift */; };
		37445BB42987A5570017F9BB /* sakuzyo1.swift in Sources */ = {isa = PBXBuildFile; fileRef = 37445BB32987A5570017F9BB /* sakuzyo1.swift */; };
		37445BB62987AA990017F9BB /* shouhi2.swift in Sources */ = {isa = PBXBuildFile; fileRef = 37445BB52987AA990017F9BB /* shouhi2.swift */; };
		378F39C52995F562002EAA59 /* kanryou.swift in Sources */ = {isa = PBXBuildFile; fileRef = 378F39C42995F562002EAA59 /* kanryou.swift */; };
		3791E631298A5AE60022D303 /* zaikoview.swift in Sources */ = {isa = PBXBuildFile; fileRef = 3791E630298A5AE60022D303 /* zaikoview.swift */; };
		37A989EB2984B67A0067F05F /* playfulApp.swift in Sources */ = {isa = PBXBuildFile; fileRef = 37A989EA2984B67A0067F05F /* playfulApp.swift */; };
		37A989ED2984B67A0067F05F /* ContentView.swift in Sources */ = {isa = PBXBuildFile; fileRef = 37A989EC2984B67A0067F05F /* ContentView.swift */; };
		37A989EF2984B67C0067F05F /* Assets.xcassets in Resources */ = {isa = PBXBuildFile; fileRef = 37A989EE2984B67C0067F05F /* Assets.xcassets */; };
		37A989F22984B67C0067F05F /* Preview Assets.xcassets in Resources */ = {isa = PBXBuildFile; fileRef = 37A989F12984B67C0067F05F /* Preview Assets.xcassets */; };
		37A989F9298631F50067F05F /* shouhi1.swift in Sources */ = {isa = PBXBuildFile; fileRef = 37A989F8298631F50067F05F /* shouhi1.swift */; };
		37C6C0E42988A1FE008D482C /* hozyuu2.swift in Sources */ = {isa = PBXBuildFile; fileRef = 37C6C0E32988A1FE008D482C /* hozyuu2.swift */; };
		37C6C0E62988E348008D482C /* tuika1.swift in Sources */ = {isa = PBXBuildFile; fileRef = 37C6C0E52988E348008D482C /* tuika1.swift */; };
		37EE0EE429A987EB009EE6CC /* message.swift in Sources */ = {isa = PBXBuildFile; fileRef = 37EE0EE329A987EB009EE6CC /* message.swift */; };
		6F23E250DA90EA2064DBC844 /* Pods_playful.framework in Frameworks */ = {isa = PBXBuildFile; fileRef = 34C0E9BF2D81A364C316821E /* Pods_playful.framework */; };
/* End PBXBuildFile section */

/* Begin PBXFileReference section */
		34C0E9BF2D81A364C316821E /* Pods_playful.framework */ = {isa = PBXFileReference; explicitFileType = wrapper.framework; includeInIndex = 0; path = Pods_playful.framework; sourceTree = BUILT_PRODUCTS_DIR; };
		3712CCF4298653CC0031F8E9 /* drink.swift */ = {isa = PBXFileReference; lastKnownFileType = sourcecode.swift; path = drink.swift; sourceTree = "<group>"; };
		37445BAF2987A3010017F9BB /* hozyuu1.swift */ = {isa = PBXFileReference; lastKnownFileType = sourcecode.swift; path = hozyuu1.swift; sourceTree = "<group>"; };
		37445BB12987A3EE0017F9BB /* zaiko1.swift */ = {isa = PBXFileReference; lastKnownFileType = sourcecode.swift; path = zaiko1.swift; sourceTree = "<group>"; };
		37445BB32987A5570017F9BB /* sakuzyo1.swift */ = {isa = PBXFileReference; lastKnownFileType = sourcecode.swift; path = sakuzyo1.swift; sourceTree = "<group>"; };
		37445BB52987AA990017F9BB /* shouhi2.swift */ = {isa = PBXFileReference; lastKnownFileType = sourcecode.swift; path = shouhi2.swift; sourceTree = "<group>"; };
		37585DBA299B041F002BCF9D /* Info.plist */ = {isa = PBXFileReference; lastKnownFileType = text.plist; path = Info.plist; sourceTree = "<group>"; };
		378F39C42995F562002EAA59 /* kanryou.swift */ = {isa = PBXFileReference; lastKnownFileType = sourcecode.swift; path = kanryou.swift; sourceTree = "<group>"; };
		3791E630298A5AE60022D303 /* zaikoview.swift */ = {isa = PBXFileReference; lastKnownFileType = sourcecode.swift; path = zaikoview.swift; sourceTree = "<group>"; };
		37A989E72984B67A0067F05F /* playful.app */ = {isa = PBXFileReference; explicitFileType = wrapper.application; includeInIndex = 0; path = playful.app; sourceTree = BUILT_PRODUCTS_DIR; };
		37A989EA2984B67A0067F05F /* playfulApp.swift */ = {isa = PBXFileReference; lastKnownFileType = sourcecode.swift; path = playfulApp.swift; sourceTree = "<group>"; };
		37A989EC2984B67A0067F05F /* ContentView.swift */ = {isa = PBXFileReference; lastKnownFileType = sourcecode.swift; path = ContentView.swift; sourceTree = "<group>"; };
		37A989EE2984B67C0067F05F /* Assets.xcassets */ = {isa = PBXFileReference; lastKnownFileType = folder.assetcatalog; path = Assets.xcassets; sourceTree = "<group>"; };
		37A989F12984B67C0067F05F /* Preview Assets.xcassets */ = {isa = PBXFileReference; lastKnownFileType = folder.assetcatalog; path = "Preview Assets.xcassets"; sourceTree = "<group>"; };
		37A989F8298631F50067F05F /* shouhi1.swift */ = {isa = PBXFileReference; lastKnownFileType = sourcecode.swift; path = shouhi1.swift; sourceTree = "<group>"; };
		37C6C0E32988A1FE008D482C /* hozyuu2.swift */ = {isa = PBXFileReference; lastKnownFileType = sourcecode.swift; path = hozyuu2.swift; sourceTree = "<group>"; };
		37C6C0E52988E348008D482C /* tuika1.swift */ = {isa = PBXFileReference; lastKnownFileType = sourcecode.swift; path = tuika1.swift; sourceTree = "<group>"; };
		37EE0EE329A987EB009EE6CC /* message.swift */ = {isa = PBXFileReference; lastKnownFileType = sourcecode.swift; path = message.swift; sourceTree = "<group>"; };
		3EF2DC251801673D542D3FBD /* Pods-playful.release.xcconfig */ = {isa = PBXFileReference; includeInIndex = 1; lastKnownFileType = text.xcconfig; name = "Pods-playful.release.xcconfig"; path = "Target Support Files/Pods-playful/Pods-playful.release.xcconfig"; sourceTree = "<group>"; };
		63B12DD66DD125CC3AA35F6C /* Pods-playful.debug.xcconfig */ = {isa = PBXFileReference; includeInIndex = 1; lastKnownFileType = text.xcconfig; name = "Pods-playful.debug.xcconfig"; path = "Target Support Files/Pods-playful/Pods-playful.debug.xcconfig"; sourceTree = "<group>"; };
/* End PBXFileReference section */

/* Begin PBXFrameworksBuildPhase section */
		37A989E42984B67A0067F05F /* Frameworks */ = {
			isa = PBXFrameworksBuildPhase;
			buildActionMask = 2147483647;
			files = (
				6F23E250DA90EA2064DBC844 /* Pods_playful.framework in Frameworks */,
			);
			runOnlyForDeploymentPostprocessing = 0;
		};
/* End PBXFrameworksBuildPhase section */

/* Begin PBXGroup section */
		1ACE2C018F929B8D5C9FB8B6 /* Pods */ = {
			isa = PBXGroup;
			children = (
				63B12DD66DD125CC3AA35F6C /* Pods-playful.debug.xcconfig */,
				3EF2DC251801673D542D3FBD /* Pods-playful.release.xcconfig */,
			);
			path = Pods;
			sourceTree = "<group>";
		};
		37A989DE2984B67A0067F05F = {
			isa = PBXGroup;
			children = (
				37A989E92984B67A0067F05F /* playful */,
				37A989E82984B67A0067F05F /* Products */,
				1ACE2C018F929B8D5C9FB8B6 /* Pods */,
				7B583CE7609913865D9702C8 /* Frameworks */,
			);
			sourceTree = "<group>";
		};
		37A989E82984B67A0067F05F /* Products */ = {
			isa = PBXGroup;
			children = (
				37A989E72984B67A0067F05F /* playful.app */,
			);
			name = Products;
			sourceTree = "<group>";
		};
		37A989E92984B67A0067F05F /* playful */ = {
			isa = PBXGroup;
			children = (
				37585DBA299B041F002BCF9D /* Info.plist */,
				37A989EA2984B67A0067F05F /* playfulApp.swift */,
				37A989EC2984B67A0067F05F /* ContentView.swift */,
				378F39C42995F562002EAA59 /* kanryou.swift */,
				37445BB52987AA990017F9BB /* shouhi2.swift */,
				37A989F8298631F50067F05F /* shouhi1.swift */,
				37C6C0E32988A1FE008D482C /* hozyuu2.swift */,
				37445BAF2987A3010017F9BB /* hozyuu1.swift */,
				37C6C0E52988E348008D482C /* tuika1.swift */,
				37445BB12987A3EE0017F9BB /* zaiko1.swift */,
				37445BB32987A5570017F9BB /* sakuzyo1.swift */,
				3712CCF4298653CC0031F8E9 /* drink.swift */,
				3791E630298A5AE60022D303 /* zaikoview.swift */,
				37EE0EE329A987EB009EE6CC /* message.swift */,
				37A989EE2984B67C0067F05F /* Assets.xcassets */,
				37A989F02984B67C0067F05F /* Preview Content */,
			);
			path = playful;
			sourceTree = "<group>";
		};
		37A989F02984B67C0067F05F /* Preview Content */ = {
			isa = PBXGroup;
			children = (
				37A989F12984B67C0067F05F /* Preview Assets.xcassets */,
			);
			path = "Preview Content";
			sourceTree = "<group>";
		};
		7B583CE7609913865D9702C8 /* Frameworks */ = {
			isa = PBXGroup;
			children = (
				34C0E9BF2D81A364C316821E /* Pods_playful.framework */,
			);
			name = Frameworks;
			sourceTree = "<group>";
		};
/* End PBXGroup section */

/* Begin PBXNativeTarget section */
		37A989E62984B67A0067F05F /* playful */ = {
			isa = PBXNativeTarget;
			buildConfigurationList = 37A989F52984B67C0067F05F /* Build configuration list for PBXNativeTarget "playful" */;
			buildPhases = (
				42B448339041821D63DE5F89 /* [CP] Check Pods Manifest.lock */,
				37A989E32984B67A0067F05F /* Sources */,
				37A989E42984B67A0067F05F /* Frameworks */,
				37A989E52984B67A0067F05F /* Resources */,
				F29946797A61190F9E28807B /* [CP] Embed Pods Frameworks */,
			);
			buildRules = (
			);
			dependencies = (
			);
			name = playful;
			productName = playful;
			productReference = 37A989E72984B67A0067F05F /* playful.app */;
			productType = "com.apple.product-type.application";
		};
/* End PBXNativeTarget section */

/* Begin PBXProject section */
		37A989DF2984B67A0067F05F /* Project object */ = {
			isa = PBXProject;
			attributes = {
				BuildIndependentTargetsInParallel = 1;
				LastSwiftUpdateCheck = 1420;
				LastUpgradeCheck = 1420;
				TargetAttributes = {
					37A989E62984B67A0067F05F = {
						CreatedOnToolsVersion = 14.2;
					};
				};
			};
			buildConfigurationList = 37A989E22984B67A0067F05F /* Build configuration list for PBXProject "playful" */;
			compatibilityVersion = "Xcode 14.0";
			developmentRegion = en;
			hasScannedForEncodings = 0;
			knownRegions = (
				en,
				Base,
			);
			mainGroup = 37A989DE2984B67A0067F05F;
			productRefGroup = 37A989E82984B67A0067F05F /* Products */;
			projectDirPath = "";
			projectRoot = "";
			targets = (
				37A989E62984B67A0067F05F /* playful */,
			);
		};
/* End PBXProject section */

/* Begin PBXResourcesBuildPhase section */
		37A989E52984B67A0067F05F /* Resources */ = {
			isa = PBXResourcesBuildPhase;
			buildActionMask = 2147483647;
			files = (
				37A989F22984B67C0067F05F /* Preview Assets.xcassets in Resources */,
				37A989EF2984B67C0067F05F /* Assets.xcassets in Resources */,
			);
			runOnlyForDeploymentPostprocessing = 0;
		};
/* End PBXResourcesBuildPhase section */

/* Begin PBXShellScriptBuildPhase section */
		42B448339041821D63DE5F89 /* [CP] Check Pods Manifest.lock */ = {
			isa = PBXShellScriptBuildPhase;
			buildActionMask = 2147483647;
			files = (
			);
			inputFileListPaths = (
			);
			inputPaths = (
				"${PODS_PODFILE_DIR_PATH}/Podfile.lock",
				"${PODS_ROOT}/Manifest.lock",
			);
			name = "[CP] Check Pods Manifest.lock";
			outputFileListPaths = (
			);
			outputPaths = (
				"$(DERIVED_FILE_DIR)/Pods-playful-checkManifestLockResult.txt",
			);
			runOnlyForDeploymentPostprocessing = 0;
			shellPath = /bin/sh;
			shellScript = "diff \"${PODS_PODFILE_DIR_PATH}/Podfile.lock\" \"${PODS_ROOT}/Manifest.lock\" > /dev/null\nif [ $? != 0 ] ; then\n    # print error to STDERR\n    echo \"error: The sandbox is not in sync with the Podfile.lock. Run 'pod install' or update your CocoaPods installation.\" >&2\n    exit 1\nfi\n# This output is used by Xcode 'outputs' to avoid re-running this script phase.\necho \"SUCCESS\" > \"${SCRIPT_OUTPUT_FILE_0}\"\n";
			showEnvVarsInLog = 0;
		};
		F29946797A61190F9E28807B /* [CP] Embed Pods Frameworks */ = {
			isa = PBXShellScriptBuildPhase;
			buildActionMask = 2147483647;
			files = (
			);
			inputFileListPaths = (
				"${PODS_ROOT}/Target Support Files/Pods-playful/Pods-playful-frameworks-${CONFIGURATION}-input-files.xcfilelist",
			);
			name = "[CP] Embed Pods Frameworks";
			outputFileListPaths = (
				"${PODS_ROOT}/Target Support Files/Pods-playful/Pods-playful-frameworks-${CONFIGURATION}-output-files.xcfilelist",
			);
			runOnlyForDeploymentPostprocessing = 0;
			shellPath = /bin/sh;
			shellScript = "\"${PODS_ROOT}/Target Support Files/Pods-playful/Pods-playful-frameworks.sh\"\n";
			showEnvVarsInLog = 0;
		};
/* End PBXShellScriptBuildPhase section */

/* Begin PBXSourcesBuildPhase section */
		37A989E32984B67A0067F05F /* Sources */ = {
			isa = PBXSourcesBuildPhase;
			buildActionMask = 2147483647;
			files = (
				37A989ED2984B67A0067F05F /* ContentView.swift in Sources */,
				37445BB02987A3010017F9BB /* hozyuu1.swift in Sources */,
				37EE0EE429A987EB009EE6CC /* message.swift in Sources */,
				37445BB22987A3EE0017F9BB /* zaiko1.swift in Sources */,
				37C6C0E62988E348008D482C /* tuika1.swift in Sources */,
				37A989F9298631F50067F05F /* shouhi1.swift in Sources */,
				37C6C0E42988A1FE008D482C /* hozyuu2.swift in Sources */,
				37445BB62987AA990017F9BB /* shouhi2.swift in Sources */,
				37445BB42987A5570017F9BB /* sakuzyo1.swift in Sources */,
				3712CCF5298653CC0031F8E9 /* drink.swift in Sources */,
				378F39C52995F562002EAA59 /* kanryou.swift in Sources */,
				37A989EB2984B67A0067F05F /* playfulApp.swift in Sources */,
				3791E631298A5AE60022D303 /* zaikoview.swift in Sources */,
			);
			runOnlyForDeploymentPostprocessing = 0;
		};
/* End PBXSourcesBuildPhase section */

/* Begin XCBuildConfiguration section */
		37A989F32984B67C0067F05F /* Debug */ = {
			isa = XCBuildConfiguration;
			buildSettings = {
				ALWAYS_SEARCH_USER_PATHS = NO;
				CLANG_ANALYZER_NONNULL = YES;
				CLANG_ANALYZER_NUMBER_OBJECT_CONVERSION = YES_AGGRESSIVE;
				CLANG_CXX_LANGUAGE_STANDARD = "gnu++20";
				CLANG_ENABLE_MODULES = YES;
				CLANG_ENABLE_OBJC_ARC = YES;
				CLANG_ENABLE_OBJC_WEAK = YES;
				CLANG_WARN_BLOCK_CAPTURE_AUTORELEASING = YES;
				CLANG_WARN_BOOL_CONVERSION = YES;
				CLANG_WARN_COMMA = YES;
				CLANG_WARN_CONSTANT_CONVERSION = YES;
				CLANG_WARN_DEPRECATED_OBJC_IMPLEMENTATIONS = YES;
				CLANG_WARN_DIRECT_OBJC_ISA_USAGE = YES_ERROR;
				CLANG_WARN_DOCUMENTATION_COMMENTS = YES;
				CLANG_WARN_EMPTY_BODY = YES;
				CLANG_WARN_ENUM_CONVERSION = YES;
				CLANG_WARN_INFINITE_RECURSION = YES;
				CLANG_WARN_INT_CONVERSION = YES;
				CLANG_WARN_NON_LITERAL_NULL_CONVERSION = YES;
				CLANG_WARN_OBJC_IMPLICIT_RETAIN_SELF = YES;
				CLANG_WARN_OBJC_LITERAL_CONVERSION = YES;
				CLANG_WARN_OBJC_ROOT_CLASS = YES_ERROR;
				CLANG_WARN_QUOTED_INCLUDE_IN_FRAMEWORK_HEADER = YES;
				CLANG_WARN_RANGE_LOOP_ANALYSIS = YES;
				CLANG_WARN_STRICT_PROTOTYPES = YES;
				CLANG_WARN_SUSPICIOUS_MOVE = YES;
				CLANG_WARN_UNGUARDED_AVAILABILITY = YES_AGGRESSIVE;
				CLANG_WARN_UNREACHABLE_CODE = YES;
				CLANG_WARN__DUPLICATE_METHOD_MATCH = YES;
				COPY_PHASE_STRIP = NO;
				DEBUG_INFORMATION_FORMAT = dwarf;
				ENABLE_STRICT_OBJC_MSGSEND = YES;
				ENABLE_TESTABILITY = YES;
				GCC_C_LANGUAGE_STANDARD = gnu11;
				GCC_DYNAMIC_NO_PIC = NO;
				GCC_NO_COMMON_BLOCKS = YES;
				GCC_OPTIMIZATION_LEVEL = 0;
				GCC_PREPROCESSOR_DEFINITIONS = (
					"DEBUG=1",
					"$(inherited)",
				);
				GCC_WARN_64_TO_32_BIT_CONVERSION = YES;
				GCC_WARN_ABOUT_RETURN_TYPE = YES_ERROR;
				GCC_WARN_UNDECLARED_SELECTOR = YES;
				GCC_WARN_UNINITIALIZED_AUTOS = YES_AGGRESSIVE;
				GCC_WARN_UNUSED_FUNCTION = YES;
				GCC_WARN_UNUSED_VARIABLE = YES;
				IPHONEOS_DEPLOYMENT_TARGET = 16.1;
				MTL_ENABLE_DEBUG_INFO = INCLUDE_SOURCE;
				MTL_FAST_MATH = YES;
				ONLY_ACTIVE_ARCH = YES;
				SDKROOT = iphoneos;
				SWIFT_ACTIVE_COMPILATION_CONDITIONS = DEBUG;
				SWIFT_OPTIMIZATION_LEVEL = "-Onone";
			};
			name = Debug;
		};
		37A989F42984B67C0067F05F /* Release */ = {
			isa = XCBuildConfiguration;
			buildSettings = {
				ALWAYS_SEARCH_USER_PATHS = NO;
				CLANG_ANALYZER_NONNULL = YES;
				CLANG_ANALYZER_NUMBER_OBJECT_CONVERSION = YES_AGGRESSIVE;
				CLANG_CXX_LANGUAGE_STANDARD = "gnu++20";
				CLANG_ENABLE_MODULES = YES;
				CLANG_ENABLE_OBJC_ARC = YES;
				CLANG_ENABLE_OBJC_WEAK = YES;
				CLANG_WARN_BLOCK_CAPTURE_AUTORELEASING = YES;
				CLANG_WARN_BOOL_CONVERSION = YES;
				CLANG_WARN_COMMA = YES;
				CLANG_WARN_CONSTANT_CONVERSION = YES;
				CLANG_WARN_DEPRECATED_OBJC_IMPLEMENTATIONS = YES;
				CLANG_WARN_DIRECT_OBJC_ISA_USAGE = YES_ERROR;
				CLANG_WARN_DOCUMENTATION_COMMENTS = YES;
				CLANG_WARN_EMPTY_BODY = YES;
				CLANG_WARN_ENUM_CONVERSION = YES;
				CLANG_WARN_INFINITE_RECURSION = YES;
				CLANG_WARN_INT_CONVERSION = YES;
				CLANG_WARN_NON_LITERAL_NULL_CONVERSION = YES;
				CLANG_WARN_OBJC_IMPLICIT_RETAIN_SELF = YES;
				CLANG_WARN_OBJC_LITERAL_CONVERSION = YES;
				CLANG_WARN_OBJC_ROOT_CLASS = YES_ERROR;
				CLANG_WARN_QUOTED_INCLUDE_IN_FRAMEWORK_HEADER = YES;
				CLANG_WARN_RANGE_LOOP_ANALYSIS = YES;
				CLANG_WARN_STRICT_PROTOTYPES = YES;
				CLANG_WARN_SUSPICIOUS_MOVE = YES;
				CLANG_WARN_UNGUARDED_AVAILABILITY = YES_AGGRESSIVE;
				CLANG_WARN_UNREACHABLE_CODE = YES;
				CLANG_WARN__DUPLICATE_METHOD_MATCH = YES;
				COPY_PHASE_STRIP = NO;
				DEBUG_INFORMATION_FORMAT = "dwarf-with-dsym";
				ENABLE_NS_ASSERTIONS = NO;
				ENABLE_STRICT_OBJC_MSGSEND = YES;
				GCC_C_LANGUAGE_STANDARD = gnu11;
				GCC_NO_COMMON_BLOCKS = YES;
				GCC_WARN_64_TO_32_BIT_CONVERSION = YES;
				GCC_WARN_ABOUT_RETURN_TYPE = YES_ERROR;
				GCC_WARN_UNDECLARED_SELECTOR = YES;
				GCC_WARN_UNINITIALIZED_AUTOS = YES_AGGRESSIVE;
				GCC_WARN_UNUSED_FUNCTION = YES;
				GCC_WARN_UNUSED_VARIABLE = YES;
				IPHONEOS_DEPLOYMENT_TARGET = 16.1;
				MTL_ENABLE_DEBUG_INFO = NO;
				MTL_FAST_MATH = YES;
				SDKROOT = iphoneos;
				SWIFT_COMPILATION_MODE = wholemodule;
				SWIFT_OPTIMIZATION_LEVEL = "-O";
				VALIDATE_PRODUCT = YES;
			};
			name = Release;
		};
		37A989F62984B67C0067F05F /* Debug */ = {
			isa = XCBuildConfiguration;
			baseConfigurationReference = 63B12DD66DD125CC3AA35F6C /* Pods-playful.debug.xcconfig */;
			buildSettings = {
				ASSETCATALOG_COMPILER_APPICON_NAME = AppIcon;
				ASSETCATALOG_COMPILER_GLOBAL_ACCENT_COLOR_NAME = AccentColor;
				CODE_SIGN_STYLE = Automatic;
				CURRENT_PROJECT_VERSION = 1;
				DEVELOPMENT_ASSET_PATHS = "\"playful/Preview Content\"";
				DEVELOPMENT_TEAM = L3CL7A9YM2;
				ENABLE_PREVIEWS = YES;
				GENERATE_INFOPLIST_FILE = YES;
				INFOPLIST_FILE = playful/Info.plist;
				INFOPLIST_KEY_UIApplicationSupportsIndirectInputEvents = YES;
				INFOPLIST_KEY_UILaunchScreen_Generation = YES;
				INFOPLIST_KEY_UIStatusBarStyle = "";
				INFOPLIST_KEY_UISupportedInterfaceOrientations = "UIInterfaceOrientationLandscapeLeft UIInterfaceOrientationLandscapeRight UIInterfaceOrientationPortrait";
				INFOPLIST_KEY_UISupportedInterfaceOrientations_iPad = "UIInterfaceOrientationLandscapeLeft UIInterfaceOrientationLandscapeRight";
				IPHONEOS_DEPLOYMENT_TARGET = 16.2;
				LD_RUNPATH_SEARCH_PATHS = (
					"$(inherited)",
					"@executable_path/Frameworks",
				);
				MARKETING_VERSION = 1.0;
				PRODUCT_BUNDLE_IDENTIFIER = com.yoshito.dev.playful;
				PRODUCT_NAME = "$(TARGET_NAME)";
				SWIFT_EMIT_LOC_STRINGS = YES;
				SWIFT_VERSION = 5.0;
				TARGETED_DEVICE_FAMILY = "1,2";
			};
			name = Debug;
		};
		37A989F72984B67C0067F05F /* Release */ = {
			isa = XCBuildConfiguration;
			baseConfigurationReference = 3EF2DC251801673D542D3FBD /* Pods-playful.release.xcconfig */;
			buildSettings = {
				ASSETCATALOG_COMPILER_APPICON_NAME = AppIcon;
				ASSETCATALOG_COMPILER_GLOBAL_ACCENT_COLOR_NAME = AccentColor;
				CODE_SIGN_STYLE = Automatic;
				CURRENT_PROJECT_VERSION = 1;
				DEVELOPMENT_ASSET_PATHS = "\"playful/Preview Content\"";
				DEVELOPMENT_TEAM = L3CL7A9YM2;
				ENABLE_PREVIEWS = YES;
				GENERATE_INFOPLIST_FILE = YES;
				INFOPLIST_FILE = playful/Info.plist;
				INFOPLIST_KEY_UIApplicationSupportsIndirectInputEvents = YES;
				INFOPLIST_KEY_UILaunchScreen_Generation = YES;
				INFOPLIST_KEY_UIStatusBarStyle = "";
				INFOPLIST_KEY_UISupportedInterfaceOrientations = "UIInterfaceOrientationLandscapeLeft UIInterfaceOrientationLandscapeRight UIInterfaceOrientationPortrait";
				INFOPLIST_KEY_UISupportedInterfaceOrientations_iPad = "UIInterfaceOrientationLandscapeLeft UIInterfaceOrientationLandscapeRight";
				IPHONEOS_DEPLOYMENT_TARGET = 16.2;
				LD_RUNPATH_SEARCH_PATHS = (
					"$(inherited)",
					"@executable_path/Frameworks",
				);
				MARKETING_VERSION = 1.0;
				PRODUCT_BUNDLE_IDENTIFIER = com.yoshito.dev.playful;
				PRODUCT_NAME = "$(TARGET_NAME)";
				SWIFT_EMIT_LOC_STRINGS = YES;
				SWIFT_VERSION = 5.0;
				TARGETED_DEVICE_FAMILY = "1,2";
			};
			name = Release;
		};
/* End XCBuildConfiguration section */

/* Begin XCConfigurationList section */
		37A989E22984B67A0067F05F /* Build configuration list for PBXProject "playful" */ = {
			isa = XCConfigurationList;
			buildConfigurations = (
				37A989F32984B67C0067F05F /* Debug */,
				37A989F42984B67C0067F05F /* Release */,
			);
			defaultConfigurationIsVisible = 0;
			defaultConfigurationName = Release;
		};
		37A989F52984B67C0067F05F /* Build configuration list for PBXNativeTarget "playful" */ = {
			isa = XCConfigurationList;
			buildConfigurations = (
				37A989F62984B67C0067F05F /* Debug */,
				37A989F72984B67C0067F05F /* Release */,
			);
			defaultConfigurationIsVisible = 0;
			defaultConfigurationName = Release;
		};
/* End XCConfigurationList section */
	};
	rootObject = 37A989DF2984B67A0067F05F /* Project object */;
}
